Microsoft Visual Studio Solution File, Format Version 8.00
Project("{FAE04EC0-301F-11D3-BF4B-00C04F79EFBC}") = "ColorRingAround", "ColorRingAround.csproj", "{1DDEFEFF-AB1C-46DF-96C9-24CB6E1337A3}"
	ProjectSection(ProjectDependencies) = postProject
	EndProjectSection
EndProject
Global
	GlobalSection(SolutionConfiguration) = preSolution
		Debug = Debug
		Release = Release
	EndGlobalSection
	GlobalSection(ProjectConfiguration) = postSolution
		{1DDEFEFF-AB1C-46DF-96C9-24CB6E1337A3}.Debug.ActiveCfg = Debug|.NET
		{1DDEFEFF-AB1C-46DF-96C9-24CB6E1337A3}.Debug.Build.0 = Debug|.NET
		{1DDEFEFF-AB1C-46DF-96C9-24CB6E1337A3}.Release.ActiveCfg = Release|.NET
		{1DDEFEFF-AB1C-46DF-96C9-24CB6E1337A3}.Release.Build.0 = Release|.NET
	EndGlobalSection
	GlobalSection(ExtensibilityGlobals) = postSolution
	EndGlobalSection
	GlobalSection(ExtensibilityAddIns) = postSolution
	EndGlobalSection
EndGlobal
